Microsoft Visual Studio Solution File, Format Version 12.00
# Visual Studio Version 17
VisualStudioVersion = 17.5.2.0
MinimumVisualStudioVersion = 10.0.40219.1
Project("{FAE04EC0-301F-11D3-BF4B-00C04F79EFBC}") = "ToDoAgent", "ToDoAgent.csproj", "{EABB4E50-9E79-DC09-31A5-7BD0E0416264}"
EndProject
Global
	GlobalSection(SolutionConfigurationPlatforms) = preSolution
		Debug|Any CPU = Debug|Any CPU
		Release|Any CPU = Release|Any CPU
	EndGlobalSection
	GlobalSection(ProjectConfigurationPlatforms) = postSolution
		{EABB4E50-9E79-DC09-31A5-7BD0E0416264}.Debug|Any CPU.ActiveCfg = Debug|Any CPU
		{EABB4E50-9E79-DC09-31A5-7BD0E0416264}.Debug|Any CPU.Build.0 = Debug|Any CPU
		{EABB4E50-9E79-DC09-31A5-7BD0E0416264}.Release|Any CPU.ActiveCfg = Release|Any CPU
		{EABB4E50-9E79-DC09-31A5-7BD0E0416264}.Release|Any CPU.Build.0 = Release|Any CPU
	EndGlobalSection
	GlobalSection(SolutionProperties) = preSolution
		HideSolutionNode = FALSE
	EndGlobalSection
	GlobalSection(ExtensibilityGlobals) = postSolution
		SolutionGuid = {153E8768-AB18-451B-A032-4BAA324D3C40}
	EndGlobalSection
EndGlobal
